<?xml version="1.0" encoding="UTF-8"?>
<Scheme
   LastUpgradeVersion = "1530"
   version = "1.7">
   <BuildAction
      parallelizeBuildables = "YES"
      buildImplicitDependencies = "YES">
      <BuildActionEntries>
         <BuildActionEntry
            buildForTesting = "YES"
            buildForRunning = "YES"
            buildForProfiling = "YES"
            buildForArchiving = "YES"
            buildForAnalyzing = "YES">
            <BuildableReference
               BuildableIdentifier = "primary"
               BlueprintIdentifier = "9F082F14AFEA4698945EED6A"
               BuildableName = "ALL_BUILD"
               BlueprintName = "ALL_BUILD"
               ReferencedContainer = "container:Xcode/Assignment3.xcodeproj">
            </BuildableReference>
         </BuildActionEntry>
      </BuildActionEntries>
   </BuildAction>
   <TestAction
      buildConfiguration = "Debug"
      selectedDebuggerIdentifier = "Xcode.DebuggerFoundation.Debugger.LLDB"
      selectedLauncherIdentifier = "Xcode.DebuggerFoundation.Launcher.LLDB"
      shouldUseLaunchSchemeArgsEnv = "YES"
      shouldAutocreateTestPlan = "YES">
   </TestAction>
   <LaunchAction
      buildConfiguration = "Debug"
      selectedDebuggerIdentifier = "Xcode.DebuggerFoundation.Debugger.LLDB"
      selectedLauncherIdentifier = "Xcode.DebuggerFoundation.Launcher.LLDB"
      launchStyle = "0"
      useCustomWorkingDirectory = "YES"
      customWorkingDirectory = "/Users/sueshim/Desktop/cs184/hw3-pathtracer-sp24-1025/Xcode"
      ignoresPersistentStateOnLaunch = "NO"
      debugDocumentVersioning = "YES"
      debugServiceExtension = "internal"
      allowLocationSimulation = "YES">
      <BuildableProductRunnable
         runnableDebuggingMode = "0">
         <BuildableReference
            BuildableIdentifier = "primary"
            BlueprintIdentifier = "5AE17771901847FDB680C18B"
            BuildableName = "pathtracer"
            BlueprintName = "pathtracer"
            ReferencedContainer = "container:Xcode/Assignment3.xcodeproj">
         </BuildableReference>
      </BuildableProductRunnable>
      <CommandLineArguments>
         <CommandLineArgument
            argument = "-r 800 600 -f CBspheres.png ../dae/sky/CBspheres_lambertian.dae"
            isEnabled = "NO">
         </CommandLineArgument>
         <CommandLineArgument
            argument = "-t 8 -s 64 -l 64 -s 1 -m 6 -f bunny_64_32.png -r 480 360 ../dae/sky/CBbunny.dae"
            isEnabled = "NO">
         </CommandLineArgument>
         <CommandLineArgument
            argument = "-t 8 -s 64 -l 16 -m 2 -o 0 -r 480 360 -f spheres.png ../dae/sky/CBspheres_lambertian.dae"
            isEnabled = "NO">
         </CommandLineArgument>
         <CommandLineArgument
            argument = "-t 8 -s 1 -l 1 -m 1 -f bunny_1_1.png -r 480 360 ../dae/sky/CBbunny.dae "
            isEnabled = "NO">
         </CommandLineArgument>
         <CommandLineArgument
            argument = "-t 8 -s 64 -l 32 -m 6  -f dragon_64_32.png -r 480 480 ../dae/sky/dragon.dae"
            isEnabled = "NO">
         </CommandLineArgument>
         <CommandLineArgument
            argument = "-t 8 -s 64 -l 32 -m 6 -f bunny_64_32.png -r 480 360 ../dae/sky/CBbunny.dae"
            isEnabled = "NO">
         </CommandLineArgument>
         <CommandLineArgument
            argument = "-t 8 -s 1024 -l 32 -m 1  -f bunny_64_32.png -r 480 360 ../dae/sky/CBbunny.dae"
            isEnabled = "YES">
         </CommandLineArgument>
         <CommandLineArgument
            argument = "-t 8 -s 1 -l 64 -m 6 -f bunny_64_32.png -r 480 360 ../dae/sky/CBbunny.dae"
            isEnabled = "NO">
         </CommandLineArgument>
         <CommandLineArgument
            argument = "-t 8 -s 64 -l 32 -m 6 -H -f CBbunny_H_64_32.png -r 480 360 ../dae/sky/CBbunny.dae"
            isEnabled = "NO">
         </CommandLineArgument>
         <CommandLineArgument
            argument = "-t 8 -s 16 -l 8 -H -f CBbunny_H_16_8.png -r 480 360 ../dae/sky/CBbunny.dae"
            isEnabled = "NO">
         </CommandLineArgument>
         <CommandLineArgument
            argument = "-t 8 -s 64 -l 32 -H -f CBbunny_H_64_32.png -r 100 100 ../dae/sky/CBbunny.dae"
            isEnabled = "NO">
         </CommandLineArgument>
         <CommandLineArgument
            argument = "-t 8 -s 16 -l 8 -m 6 -H -f CBbunny_16_8.png -r 480 360 ../dae/sky/CBbunny.dae"
            isEnabled = "NO">
         </CommandLineArgument>
         <CommandLineArgument
            argument = "-t 8 -r 800 600 -f CBlucy.png ../dae/sky/CBlucy.dae"
            isEnabled = "NO">
         </CommandLineArgument>
         <CommandLineArgument
            argument = "-t 8 -r 800 600 -f maxplanck.png ../dae/meshedit/maxplanck.dae"
            isEnabled = "NO">
         </CommandLineArgument>
         <CommandLineArgument
            argument = "-t 8 -r 800 600 -f cow.png ../dae/meshedit/cow.dae"
            isEnabled = "NO">
         </CommandLineArgument>
         <CommandLineArgument
            argument = "-r 800 600 -f CBempty.png ../dae/sky/CBempty.dae "
            isEnabled = "NO">
         </CommandLineArgument>
         <CommandLineArgument
            argument = "-r 800 600 -f banana.png ../dae/keenan/banana.dae"
            isEnabled = "NO">
         </CommandLineArgument>
      </CommandLineArguments>
   </LaunchAction>
   <ProfileAction
      buildConfiguration = "Release"
      shouldUseLaunchSchemeArgsEnv = "YES"
      savedToolIdentifier = ""
      useCustomWorkingDirectory = "NO"
      debugDocumentVersioning = "YES">
      <MacroExpansion>
         <BuildableReference
            BuildableIdentifier = "primary"
            BlueprintIdentifier = "9F082F14AFEA4698945EED6A"
            BuildableName = "ALL_BUILD"
            BlueprintName = "ALL_BUILD"
            ReferencedContainer = "container:Xcode/Assignment3.xcodeproj">
         </BuildableReference>
      </MacroExpansion>
   </ProfileAction>
   <AnalyzeAction
      buildConfiguration = "Debug">
   </AnalyzeAction>
   <ArchiveAction
      buildConfiguration = "Release"
      revealArchiveInOrganizer = "YES">
   </ArchiveAction>
</Scheme>
